// !$*UTF8*$!
{
	archiveVersion = 1;
	classes = {
	};
	objectVersion = 46;
	objects = {

/* Begin PBXBuildFile section */
		4732B07A1CEB77EE00C1DC7E /* main.m in Sources */ = {isa = PBXBuildFile; fileRef = 4732B0791CEB77EE00C1DC7E /* main.m */; };
		4732B07D1CEB77EE00C1DC7E /* AppDelegate.m in Sources */ = {isa = PBXBuildFile; fileRef = 4732B07C1CEB77EE00C1DC7E /* AppDelegate.m */; };
		4732B0801CEB77EE00C1DC7E /* ViewController.m in Sources */ = {isa = PBXBuildFile; fileRef = 4732B07F1CEB77EE00C1DC7E /* ViewController.m */; };
		4732B0831CEB77EE00C1DC7E /* Main.storyboard in Resources */ = {isa = PBXBuildFile; fileRef = 4732B0811CEB77EE00C1DC7E /* Main.storyboard */; };
		4732B0851CEB77EE00C1DC7E /* Assets.xcassets in Resources */ = {isa = PBXBuildFile; fileRef = 4732B0841CEB77EE00C1DC7E /* Assets.xcassets */; };
		4732B0881CEB77EE00C1DC7E /* LaunchScreen.storyboard in Resources */ = {isa = PBXBuildFile; fileRef = 4732B0861CEB77EE00C1DC7E /* LaunchScreen.storyboard */; };
		478F21EF1CECD1EF00A6A6EE /* fuyi.png in Resources */ = {isa = PBXBuildFile; fileRef = 478F21EE1CECD1EF00A6A6EE /* fuyi.png */; };
		F6F0AB476C1AE774440DDA7A /* libPods-bike.a in Frameworks */ = {isa = PBXBuildFile; fileRef = EFA39DB2EE08B198B161073C /* libPods-bike.a */; };
/* End PBXBuildFile section */

/* Begin PBXFileReference section */
		27927D92253894D57CA48D6B /* Pods-bike.release.xcconfig */ = {isa = PBXFileReference; includeInIndex = 1; lastKnownFileType = text.xcconfig; name = "Pods-bike.release.xcconfig"; path = "Pods/Target Support Files/Pods-bike/Pods-bike.release.xcconfig"; sourceTree = "<group>"; };
		4732B0751CEB77EE00C1DC7E /* bike.app */ = {isa = PBXFileReference; explicitFileType = wrapper.application; includeInIndex = 0; path = bike.app; sourceTree = BUILT_PRODUCTS_DIR; };
		4732B0791CEB77EE00C1DC7E /* main.m */ = {isa = PBXFileReference; lastKnownFileType = sourcecode.c.objc; path = main.m; sourceTree = "<group>"; };
		4732B07B1CEB77EE00C1DC7E /* AppDelegate.h */ = {isa = PBXFileReference; lastKnownFileType = sourcecode.c.h; path = AppDelegate.h; sourceTree = "<group>"; };
		4732B07C1CEB77EE00C1DC7E /* AppDelegate.m */ = {isa = PBXFileReference; lastKnownFileType = sourcecode.c.objc; path = AppDelegate.m; sourceTree = "<group>"; };
		4732B07E1CEB77EE00C1DC7E /* ViewController.h */ = {isa = PBXFileReference; lastKnownFileType = sourcecode.c.h; path = ViewController.h; sourceTree = "<group>"; };
		4732B07F1CEB77EE00C1DC7E /* ViewController.m */ = {isa = PBXFileReference; lastKnownFileType = sourcecode.c.objc; path = ViewController.m; sourceTree = "<group>"; };
		4732B0821CEB77EE00C1DC7E /* Base */ = {isa = PBXFileReference; lastKnownFileType = file.storyboard; name = Base; path = Base.lproj/Main.storyboard; sourceTree = "<group>"; };
		4732B0841CEB77EE00C1DC7E /* Assets.xcassets */ = {isa = PBXFileReference; lastKnownFileType = folder.assetcatalog; path = Assets.xcassets; sourceTree = "<group>"; };
		4732B0871CEB77EE00C1DC7E /* Base */ = {isa = PBXFileReference; lastKnownFileType = file.storyboard; name = Base; path = Base.lproj/LaunchScreen.storyboard; sourceTree = "<group>"; };
		4732B0891CEB77EE00C1DC7E /* Info.plist */ = {isa = PBXFileReference; lastKnownFileType = text.plist.xml; path = Info.plist; sourceTree = "<group>"; };
		478F21EE1CECD1EF00A6A6EE /* fuyi.png */ = {isa = PBXFileReference; lastKnownFileType = image.png; path = fuyi.png; sourceTree = "<group>"; };
		741D01FDF304DFACE0A42CA9 /* Pods-bike.debug.xcconfig */ = {isa = PBXFileReference; includeInIndex = 1; lastKnownFileType = text.xcconfig; name = "Pods-bike.debug.xcconfig"; path = "Pods/Target Support Files/Pods-bike/Pods-bike.debug.xcconfig"; sourceTree = "<group>"; };
		EFA39DB2EE08B198B161073C /* libPods-bike.a */ = {isa = PBXFileReference; explicitFileType = archive.ar; includeInIndex = 0; path = "libPods-bike.a"; sourceTree = BUILT_PRODUCTS_DIR; };
/* End PBXFileReference section */

/* Begin PBXFrameworksBuildPhase section */
		4732B0721CEB77ED00C1DC7E /* Frameworks */ = {
			isa = PBXFrameworksBuildPhase;
			buildActionMask = 2147483647;
			files = (
				F6F0AB476C1AE774440DDA7A /* libPods-bike.a in Frameworks */,
			);
			runOnlyForDeploymentPostprocessing = 0;
		};
/* End PBXFrameworksBuildPhase section */

/* Begin PBXGroup section */
		151F1A580381B6D593A52F16 /* Pods */ = {
			isa = PBXGroup;
			children = (
				741D01FDF304DFACE0A42CA9 /* Pods-bike.debug.xcconfig */,
				27927D92253894D57CA48D6B /* Pods-bike.release.xcconfig */,
			);
			name = Pods;
			sourceTree = "<group>";
		};
		4732B06C1CEB77ED00C1DC7E = {
			isa = PBXGroup;
			children = (
				4732B0771CEB77EE00C1DC7E /* bike */,
				4732B0761CEB77EE00C1DC7E /* Products */,
				151F1A580381B6D593A52F16 /* Pods */,
				9E6E011D9275F3AD87A5AF6B /* Frameworks */,
			);
			sourceTree = "<group>";
		};
		4732B0761CEB77EE00C1DC7E /* Products */ = {
			isa = PBXGroup;
			children = (
				4732B0751CEB77EE00C1DC7E /* bike.app */,
			);
			name = Products;
			sourceTree = "<group>";
		};
		4732B0771CEB77EE00C1DC7E /* bike */ = {
			isa = PBXGroup;
			children = (
				4732B07B1CEB77EE00C1DC7E /* AppDelegate.h */,
				4732B07C1CEB77EE00C1DC7E /* AppDelegate.m */,
				4732B07E1CEB77EE00C1DC7E /* ViewController.h */,
				4732B07F1CEB77EE00C1DC7E /* ViewController.m */,
				4732B0811CEB77EE00C1DC7E /* Main.storyboard */,
				4732B0841CEB77EE00C1DC7E /* Assets.xcassets */,
				4732B0861CEB77EE00C1DC7E /* LaunchScreen.storyboard */,
				4732B0891CEB77EE00C1DC7E /* Info.plist */,
				478F21ED1CECD1EF00A6A6EE /* 图片 */,
				4732B0781CEB77EE00C1DC7E /* Supporting Files */,
			);
			path = bike;
			sourceTree = "<group>";
		};
		4732B0781CEB77EE00C1DC7E /* Supporting Files */ = {
			isa = PBXGroup;
			children = (
				4732B0791CEB77EE00C1DC7E /* main.m */,
			);
			name = "Supporting Files";
			sourceTree = "<group>";
		};
		478F21ED1CECD1EF00A6A6EE /* 图片 */ = {
			isa = PBXGroup;
			children = (
				478F21EE1CECD1EF00A6A6EE /* fuyi.png */,
			);
			path = "图片";
			sourceTree = "<group>";
		};
		9E6E011D9275F3AD87A5AF6B /* Frameworks */ = {
			isa = PBXGroup;
			children = (
				EFA39DB2EE08B198B161073C /* libPods-bike.a */,
			);
			name = Frameworks;
			sourceTree = "<group>";
		};
/* End PBXGroup section */

/* Begin PBXNativeTarget section */
		4732B0741CEB77ED00C1DC7E /* bike */ = {
			isa = PBXNativeTarget;
			buildConfigurationList = 4732B08C1CEB77EE00C1DC7E /* Build configuration list for PBXNativeTarget "bike" */;
			buildPhases = (
				3160E8E72A96D98B16B5E695 /* Check Pods Manifest.lock */,
				4732B0711CEB77ED00C1DC7E /* Sources */,
				4732B0721CEB77ED00C1DC7E /* Frameworks */,
				4732B0731CEB77ED00C1DC7E /* Resources */,
				8FB28B352A813D965595F1ED /* Embed Pods Frameworks */,
				2F7407DBC799A6F7F8E2FC1F /* Copy Pods Resources */,
			);
			buildRules = (
			);
			dependencies = (
			);
			name = bike;
			productName = bike;
			productReference = 4732B0751CEB77EE00C1DC7E /* bike.app */;
			productType = "com.apple.product-type.application";
		};
/* End PBXNativeTarget section */

/* Begin PBXProject section */
		4732B06D1CEB77ED00C1DC7E /* Project object */ = {
			isa = PBXProject;
			attributes = {
				LastUpgradeCheck = 0730;
				ORGANIZATIONNAME = lijiawei;
				TargetAttributes = {
					4732B0741CEB77ED00C1DC7E = {
						CreatedOnToolsVersion = 7.3;
						DevelopmentTeam = X6KLNE59TL;
					};
				};
			};
			buildConfigurationList = 4732B0701CEB77ED00C1DC7E /* Build configuration list for PBXProject "bike" */;
			compatibilityVersion = "Xcode 3.2";
			developmentRegion = English;
			hasScannedForEncodings = 0;
			knownRegions = (
				en,
				Base,
			);
			mainGroup = 4732B06C1CEB77ED00C1DC7E;
			productRefGroup = 4732B0761CEB77EE00C1DC7E /* Products */;
			projectDirPath = "";
			projectRoot = "";
			targets = (
				4732B0741CEB77ED00C1DC7E /* bike */,
			);
		};
/* End PBXProject section */

/* Begin PBXResourcesBuildPhase section */
		4732B0731CEB77ED00C1DC7E /* Resources */ = {
			isa = PBXResourcesBuildPhase;
			buildActionMask = 2147483647;
			files = (
				478F21EF1CECD1EF00A6A6EE /* fuyi.png in Resources */,
				4732B0881CEB77EE00C1DC7E /* LaunchScreen.storyboard in Resources */,
				4732B0851CEB77EE00C1DC7E /* Assets.xcassets in Resources */,
				4732B0831CEB77EE00C1DC7E /* Main.storyboard in Resources */,
			);
			runOnlyForDeploymentPostprocessing = 0;
		};
/* End PBXResourcesBuildPhase section */

/* Begin PBXShellScriptBuildPhase section */
		2F7407DBC799A6F7F8E2FC1F /* Copy Pods Resources */ = {
			isa = PBXShellScriptBuildPhase;
			buildActionMask = 2147483647;
			files = (
			);
			inputPaths = (
			);
			name = "Copy Pods Resources";
			outputPaths = (
			);
			runOnlyForDeploymentPostprocessing = 0;
			shellPath = /bin/sh;
			shellScript = "\"${SRCROOT}/Pods/Target Support Files/Pods-bike/Pods-bike-resources.sh\"\n";
			showEnvVarsInLog = 0;
		};
		3160E8E72A96D98B16B5E695 /* Check Pods Manifest.lock */ = {
			isa = PBXShellScriptBuildPhase;
			buildActionMask = 2147483647;
			files = (
			);
			inputPaths = (
			);
			name = "Check Pods Manifest.lock";
			outputPaths = (
			);
			runOnlyForDeploymentPostprocessing = 0;
			shellPath = /bin/sh;
			shellScript = "diff \"${PODS_ROOT}/../Podfile.lock\" \"${PODS_ROOT}/Manifest.lock\" > /dev/null\nif [[ $? != 0 ]] ; then\n    cat << EOM\nerror: The sandbox is not in sync with the Podfile.lock. Run 'pod install' or update your CocoaPods installation.\nEOM\n    exit 1\nfi\n";
			showEnvVarsInLog = 0;
		};
		8FB28B352A813D965595F1ED /* Embed Pods Frameworks */ = {
			isa = PBXShellScriptBuildPhase;
			buildActionMask = 2147483647;
			files = (
			);
			inputPaths = (
			);
			name = "Embed Pods Frameworks";
			outputPaths = (
			);
			runOnlyForDeploymentPostprocessing = 0;
			shellPath = /bin/sh;
			shellScript = "\"${SRCROOT}/Pods/Target Support Files/Pods-bike/Pods-bike-frameworks.sh\"\n";
			showEnvVarsInLog = 0;
		};
/* End PBXShellScriptBuildPhase section */

/* Begin PBXSourcesBuildPhase section */
		4732B0711CEB77ED00C1DC7E /* Sources */ = {
			isa = PBXSourcesBuildPhase;
			buildActionMask = 2147483647;
			files = (
				4732B0801CEB77EE00C1DC7E /* ViewController.m in Sources */,
				4732B07D1CEB77EE00C1DC7E /* AppDelegate.m in Sources */,
				4732B07A1CEB77EE00C1DC7E /* main.m in Sources */,
			);
			runOnlyForDeploymentPostprocessing = 0;
		};
/* End PBXSourcesBuildPhase section */

/* Begin PBXVariantGroup section */
		4732B0811CEB77EE00C1DC7E /* Main.storyboard */ = {
			isa = PBXVariantGroup;
			children = (
				4732B0821CEB77EE00C1DC7E /* Base */,
			);
			name = Main.storyboard;
			sourceTree = "<group>";
		};
		4732B0861CEB77EE00C1DC7E /* LaunchScreen.storyboard */ = {
			isa = PBXVariantGroup;
			children = (
				4732B0871CEB77EE00C1DC7E /* Base */,
			);
			name = LaunchScreen.storyboard;
			sourceTree = "<group>";
		};
/* End PBXVariantGroup section */

/* Begin XCBuildConfiguration section */
		4732B08A1CEB77EE00C1DC7E /* Debug */ = {
			isa = XCBuildConfiguration;
			buildSettings = {
				ALWAYS_SEARCH_USER_PATHS = NO;
				CLANG_ANALYZER_NONNULL = YES;
				CLANG_CXX_LANGUAGE_STANDARD = "gnu++0x";
				CLANG_CXX_LIBRARY = "libc++";
				CLANG_ENABLE_MODULES = YES;
				CLANG_ENABLE_OBJC_ARC = YES;
				CLANG_WARN_BOOL_CONVERSION = YES;
				CLANG_WARN_CONSTANT_CONVERSION = YES;
				CLANG_WARN_DIRECT_OBJC_ISA_USAGE = YES_ERROR;
				CLANG_WARN_EMPTY_BODY = YES;
				CLANG_WARN_ENUM_CONVERSION = YES;
				CLANG_WARN_INT_CONVERSION = YES;
				CLANG_WARN_OBJC_ROOT_CLASS = YES_ERROR;
				CLANG_WARN_UNREACHABLE_CODE = YES;
				CLANG_WARN__DUPLICATE_METHOD_MATCH = YES;
				"CODE_SIGN_IDENTITY[sdk=iphoneos*]" = "iPhone Developer";
				COPY_PHASE_STRIP = NO;
				DEBUG_INFORMATION_FORMAT = dwarf;
				ENABLE_STRICT_OBJC_MSGSEND = YES;
				ENABLE_TESTABILITY = YES;
				GCC_C_LANGUAGE_STANDARD = gnu99;
				GCC_DYNAMIC_NO_PIC = NO;
				GCC_NO_COMMON_BLOCKS = YES;
				GCC_OPTIMIZATION_LEVEL = 0;
				GCC_PREPROCESSOR_DEFINITIONS = (
					"DEBUG=1",
					"$(inherited)",
				);
				GCC_WARN_64_TO_32_BIT_CONVERSION = YES;
				GCC_WARN_ABOUT_RETURN_TYPE = YES_ERROR;
				GCC_WARN_UNDECLARED_SELECTOR = YES;
				GCC_WARN_UNINITIALIZED_AUTOS = YES_AGGRESSIVE;
				GCC_WARN_UNUSED_FUNCTION = YES;
				GCC_WARN_UNUSED_VARIABLE = YES;
				IPHONEOS_DEPLOYMENT_TARGET = 9.3;
				MTL_ENABLE_DEBUG_INFO = YES;
				ONLY_ACTIVE_ARCH = YES;
				SDKROOT = iphoneos;
			};
			name = Debug;
		};
		4732B08B1CEB77EE00C1DC7E /* Release */ = {
			isa = XCBuildConfiguration;
			buildSettings = {
				ALWAYS_SEARCH_USER_PATHS = NO;
				CLANG_ANALYZER_NONNULL = YES;
				CLANG_CXX_LANGUAGE_STANDARD = "gnu++0x";
				CLANG_CXX_LIBRARY = "libc++";
				CLANG_ENABLE_MODULES = YES;
				CLANG_ENABLE_OBJC_ARC = YES;
				CLANG_WARN_BOOL_CONVERSION = YES;
				CLANG_WARN_CONSTANT_CONVERSION = YES;
				CLANG_WARN_DIRECT_OBJC_ISA_USAGE = YES_ERROR;
				CLANG_WARN_EMPTY_BODY = YES;
				CLANG_WARN_ENUM_CONVERSION = YES;
				CLANG_WARN_INT_CONVERSION = YES;
				CLANG_WARN_OBJC_ROOT_CLASS = YES_ERROR;
				CLANG_WARN_UNREACHABLE_CODE = YES;
				CLANG_WARN__DUPLICATE_METHOD_MATCH = YES;
				"CODE_SIGN_IDENTITY[sdk=iphoneos*]" = "iPhone Developer";
				COPY_PHASE_STRIP = NO;
				DEBUG_INFORMATION_FORMAT = "dwarf-with-dsym";
				ENABLE_NS_ASSERTIONS = NO;
				ENABLE_STRICT_OBJC_MSGSEND = YES;
				GCC_C_LANGUAGE_STANDARD = gnu99;
				GCC_NO_COMMON_BLOCKS = YES;
				GCC_WARN_64_TO_32_BIT_CONVERSION = YES;
				GCC_WARN_ABOUT_RETURN_TYPE = YES_ERROR;
				GCC_WARN_UNDECLARED_SELECTOR = YES;
				GCC_WARN_UNINITIALIZED_AUTOS = YES_AGGRESSIVE;
				GCC_WARN_UNUSED_FUNCTION = YES;
				GCC_WARN_UNUSED_VARIABLE = YES;
				IPHONEOS_DEPLOYMENT_TARGET = 9.3;
				MTL_ENABLE_DEBUG_INFO = NO;
				SDKROOT = iphoneos;
				VALIDATE_PRODUCT = YES;
			};
			name = Release;
		};
		4732B08D1CEB77EE00C1DC7E /* Debug */ = {
			isa = XCBuildConfiguration;
			baseConfigurationReference = 741D01FDF304DFACE0A42CA9 /* Pods-bike.debug.xcconfig */;
			buildSettings = {
				ASSETCATALOG_COMPILER_APPICON_NAME = AppIcon;
				CODE_SIGN_IDENTITY = "iPhone Developer";
				"CODE_SIGN_IDENTITY[sdk=iphoneos*]" = "iPhone Developer";
				INFOPLIST_FILE = bike/Info.plist;
				LD_RUNPATH_SEARCH_PATHS = "$(inherited) @executable_path/Frameworks";
				PRODUCT_BUNDLE_IDENTIFIER = com.lijw.bike;
				PRODUCT_NAME = "$(TARGET_NAME)";
				PROVISIONING_PROFILE = "";
			};
			name = Debug;
		};
		4732B08E1CEB77EE00C1DC7E /* Release */ = {
			isa = XCBuildConfiguration;
			baseConfigurationReference = 27927D92253894D57CA48D6B /* Pods-bike.release.xcconfig */;
			buildSettings = {
				ASSETCATALOG_COMPILER_APPICON_NAME = AppIcon;
				CODE_SIGN_IDENTITY = "iPhone Developer";
				"CODE_SIGN_IDENTITY[sdk=iphoneos*]" = "iPhone Developer";
				INFOPLIST_FILE = bike/Info.plist;
				LD_RUNPATH_SEARCH_PATHS = "$(inherited) @executable_path/Frameworks";
				PRODUCT_BUNDLE_IDENTIFIER = com.lijw.bike;
				PRODUCT_NAME = "$(TARGET_NAME)";
				PROVISIONING_PROFILE = "";
			};
			name = Release;
		};
/* End XCBuildConfiguration section */

/* Begin XCConfigurationList section */
		4732B0701CEB77ED00C1DC7E /* Build configuration list for PBXProject "bike" */ = {
			isa = XCConfigurationList;
			buildConfigurations = (
				4732B08A1CEB77EE00C1DC7E /* Debug */,
				4732B08B1CEB77EE00C1DC7E /* Release */,
			);
			defaultConfigurationIsVisible = 0;
			defaultConfigurationName = Release;
		};
		4732B08C1CEB77EE00C1DC7E /* Build configuration list for PBXNativeTarget "bike" */ = {
			isa = XCConfigurationList;
			buildConfigurations = (
				4732B08D1CEB77EE00C1DC7E /* Debug */,
				4732B08E1CEB77EE00C1DC7E /* Release */,
			);
			defaultConfigurationIsVisible = 0;
			defaultConfigurationName = Release;
		};
/* End XCConfigurationList section */
	};
	rootObject = 4732B06D1CEB77ED00C1DC7E /* Project object */;
}
